// !$*UTF8*$!
{
	archiveVersion = 1;
	classes = {
	};
	objectVersion = 56;
	objects = {

/* Begin PBXBuildFile section */
		4D31B8C62CA2A74D00C552C3 /* AppDelegate.swift in Sources */ = {isa = PBXBuildFile; fileRef = 4D31B8C52CA2A74D00C552C3 /* AppDelegate.swift */; };
		4D31B8C82CA2A74D00C552C3 /* SceneDelegate.swift in Sources */ = {isa = PBXBuildFile; fileRef = 4D31B8C72CA2A74D00C552C3 /* SceneDelegate.swift */; };
		4D31B8CA2CA2A74D00C552C3 /* ViewController.swift in Sources */ = {isa = PBXBuildFile; fileRef = 4D31B8C92CA2A74D00C552C3 /* ViewController.swift */; };
		4D31B8CD2CA2A74D00C552C3 /* Base in Resources */ = {isa = PBXBuildFile; fileRef = 4D31B8CC2CA2A74D00C552C3 /* Base */; };
		4D31B8CF2CA2A74E00C552C3 /* Assets.xcassets in Resources */ = {isa = PBXBuildFile; fileRef = 4D31B8CE2CA2A74E00C552C3 /* Assets.xcassets */; };
		4D31B8D22CA2A74E00C552C3 /* Base in Resources */ = {isa = PBXBuildFile; fileRef = 4D31B8D12CA2A74E00C552C3 /* Base */; };
		4D31B8DE2CA2A9AC00C552C3 /* Crypto.swift in Sources */ = {isa = PBXBuildFile; fileRef = 4D31B8DD2CA2A9AC00C552C3 /* Crypto.swift */; };
		4D31B8E02CA2BC2C00C552C3 /* Webservice.swift in Sources */ = {isa = PBXBuildFile; fileRef = 4D31B8DF2CA2BC2C00C552C3 /* Webservice.swift */; };
		4D31B8E22CA2DE8E00C552C3 /* CryptoViewModel.swift in Sources */ = {isa = PBXBuildFile; fileRef = 4D31B8E12CA2DE8E00C552C3 /* CryptoViewModel.swift */; };
		4D35055E2CA355FB001B2561 /* RxCocoa in Frameworks */ = {isa = PBXBuildFile; productRef = 4D35055D2CA355FB001B2561 /* RxCocoa */; };
		4D3505602CA355FB001B2561 /* RxSwift in Frameworks */ = {isa = PBXBuildFile; productRef = 4D35055F2CA355FB001B2561 /* RxSwift */; };
/* End PBXBuildFile section */

/* Begin PBXFileReference section */
		4D31B8C22CA2A74D00C552C3 /* CryptoCrazy.app */ = {isa = PBXFileReference; explicitFileType = wrapper.application; includeInIndex = 0; path = CryptoCrazy.app; sourceTree = BUILT_PRODUCTS_DIR; };
		4D31B8C52CA2A74D00C552C3 /* AppDelegate.swift */ = {isa = PBXFileReference; lastKnownFileType = sourcecode.swift; path = AppDelegate.swift; sourceTree = "<group>"; };
		4D31B8C72CA2A74D00C552C3 /* SceneDelegate.swift */ = {isa = PBXFileReference; lastKnownFileType = sourcecode.swift; path = SceneDelegate.swift; sourceTree = "<group>"; };
		4D31B8C92CA2A74D00C552C3 /* ViewController.swift */ = {isa = PBXFileReference; lastKnownFileType = sourcecode.swift; path = ViewController.swift; sourceTree = "<group>"; };
		4D31B8CC2CA2A74D00C552C3 /* Base */ = {isa = PBXFileReference; lastKnownFileType = file.storyboard; name = Base; path = Base.lproj/Main.storyboard; sourceTree = "<group>"; };
		4D31B8CE2CA2A74E00C552C3 /* Assets.xcassets */ = {isa = PBXFileReference; lastKnownFileType = folder.assetcatalog; path = Assets.xcassets; sourceTree = "<group>"; };
		4D31B8D12CA2A74E00C552C3 /* Base */ = {isa = PBXFileReference; lastKnownFileType = file.storyboard; name = Base; path = Base.lproj/LaunchScreen.storyboard; sourceTree = "<group>"; };
		4D31B8D32CA2A74E00C552C3 /* Info.plist */ = {isa = PBXFileReference; lastKnownFileType = text.plist.xml; path = Info.plist; sourceTree = "<group>"; };
		4D31B8DD2CA2A9AC00C552C3 /* Crypto.swift */ = {isa = PBXFileReference; lastKnownFileType = sourcecode.swift; path = Crypto.swift; sourceTree = "<group>"; };
		4D31B8DF2CA2BC2C00C552C3 /* Webservice.swift */ = {isa = PBXFileReference; lastKnownFileType = sourcecode.swift; path = Webservice.swift; sourceTree = "<group>"; };
		4D31B8E12CA2DE8E00C552C3 /* CryptoViewModel.swift */ = {isa = PBXFileReference; lastKnownFileType = sourcecode.swift; path = CryptoViewModel.swift; sourceTree = "<group>"; };
/* End PBXFileReference section */

/* Begin PBXFrameworksBuildPhase section */
		4D31B8BF2CA2A74D00C552C3 /* Frameworks */ = {
			isa = PBXFrameworksBuildPhase;
			buildActionMask = 2147483647;
			files = (
				4D3505602CA355FB001B2561 /* RxSwift in Frameworks */,
				4D35055E2CA355FB001B2561 /* RxCocoa in Frameworks */,
			);
			runOnlyForDeploymentPostprocessing = 0;
		};
/* End PBXFrameworksBuildPhase section */

/* Begin PBXGroup section */
		4D31B8B92CA2A74D00C552C3 = {
			isa = PBXGroup;
			children = (
				4D31B8C42CA2A74D00C552C3 /* CryptoCrazy */,
				4D31B8C32CA2A74D00C552C3 /* Products */,
			);
			sourceTree = "<group>";
		};
		4D31B8C32CA2A74D00C552C3 /* Products */ = {
			isa = PBXGroup;
			children = (
				4D31B8C22CA2A74D00C552C3 /* CryptoCrazy.app */,
			);
			name = Products;
			sourceTree = "<group>";
		};
		4D31B8C42CA2A74D00C552C3 /* CryptoCrazy */ = {
			isa = PBXGroup;
			children = (
				4D31B8DC2CA2A88000C552C3 /* Service */,
				4D31B8DB2CA2A87000C552C3 /* Model */,
				4D31B8DA2CA2A86900C552C3 /* ViewModel */,
				4D31B8D92CA2A86400C552C3 /* View */,
				4D31B8C52CA2A74D00C552C3 /* AppDelegate.swift */,
				4D31B8C72CA2A74D00C552C3 /* SceneDelegate.swift */,
				4D31B8CB2CA2A74D00C552C3 /* Main.storyboard */,
				4D31B8CE2CA2A74E00C552C3 /* Assets.xcassets */,
				4D31B8D02CA2A74E00C552C3 /* LaunchScreen.storyboard */,
				4D31B8D32CA2A74E00C552C3 /* Info.plist */,
			);
			path = CryptoCrazy;
			sourceTree = "<group>";
		};
		4D31B8D92CA2A86400C552C3 /* View */ = {
			isa = PBXGroup;
			children = (
				4D31B8C92CA2A74D00C552C3 /* ViewController.swift */,
			);
			path = View;
			sourceTree = "<group>";
		};
		4D31B8DA2CA2A86900C552C3 /* ViewModel */ = {
			isa = PBXGroup;
			children = (
				4D31B8E12CA2DE8E00C552C3 /* CryptoViewModel.swift */,
			);
			path = ViewModel;
			sourceTree = "<group>";
		};
		4D31B8DB2CA2A87000C552C3 /* Model */ = {
			isa = PBXGroup;
			children = (
				4D31B8DD2CA2A9AC00C552C3 /* Crypto.swift */,
			);
			path = Model;
			sourceTree = "<group>";
		};
		4D31B8DC2CA2A88000C552C3 /* Service */ = {
			isa = PBXGroup;
			children = (
				4D31B8DF2CA2BC2C00C552C3 /* Webservice.swift */,
			);
			path = Service;
			sourceTree = "<group>";
		};
/* End PBXGroup section */

/* Begin PBXNativeTarget section */
		4D31B8C12CA2A74D00C552C3 /* CryptoCrazy */ = {
			isa = PBXNativeTarget;
			buildConfigurationList = 4D31B8D62CA2A74E00C552C3 /* Build configuration list for PBXNativeTarget "CryptoCrazy" */;
			buildPhases = (
				4D31B8BE2CA2A74D00C552C3 /* Sources */,
				4D31B8BF2CA2A74D00C552C3 /* Frameworks */,
				4D31B8C02CA2A74D00C552C3 /* Resources */,
			);
			buildRules = (
			);
			dependencies = (
			);
			name = CryptoCrazy;
			packageProductDependencies = (
				4D35055D2CA355FB001B2561 /* RxCocoa */,
				4D35055F2CA355FB001B2561 /* RxSwift */,
			);
			productName = CryptoCrazy;
			productReference = 4D31B8C22CA2A74D00C552C3 /* CryptoCrazy.app */;
			productType = "com.apple.product-type.application";
		};
/* End PBXNativeTarget section */

/* Begin PBXProject section */
		4D31B8BA2CA2A74D00C552C3 /* Project object */ = {
			isa = PBXProject;
			attributes = {
				BuildIndependentTargetsInParallel = 1;
				LastSwiftUpdateCheck = 1540;
				LastUpgradeCheck = 1540;
				TargetAttributes = {
					4D31B8C12CA2A74D00C552C3 = {
						CreatedOnToolsVersion = 15.4;
					};
				};
			};
			buildConfigurationList = 4D31B8BD2CA2A74D00C552C3 /* Build configuration list for PBXProject "CryptoCrazy" */;
			compatibilityVersion = "Xcode 14.0";
			developmentRegion = en;
			hasScannedForEncodings = 0;
			knownRegions = (
				en,
				Base,
			);
			mainGroup = 4D31B8B92CA2A74D00C552C3;
			packageReferences = (
				4D35055C2CA355FB001B2561 /* XCRemoteSwiftPackageReference "RxSwift" */,
			);
			productRefGroup = 4D31B8C32CA2A74D00C552C3 /* Products */;
			projectDirPath = "";
			projectRoot = "";
			targets = (
				4D31B8C12CA2A74D00C552C3 /* CryptoCrazy */,
			);
		};
/* End PBXProject section */

/* Begin PBXResourcesBuildPhase section */
		4D31B8C02CA2A74D00C552C3 /* Resources */ = {
			isa = PBXResourcesBuildPhase;
			buildActionMask = 2147483647;
			files = (
				4D31B8CF2CA2A74E00C552C3 /* Assets.xcassets in Resources */,
				4D31B8D22CA2A74E00C552C3 /* Base in Resources */,
				4D31B8CD2CA2A74D00C552C3 /* Base in Resources */,
			);
			runOnlyForDeploymentPostprocessing = 0;
		};
/* End PBXResourcesBuildPhase section */

/* Begin PBXSourcesBuildPhase section */
		4D31B8BE2CA2A74D00C552C3 /* Sources */ = {
			isa = PBXSourcesBuildPhase;
			buildActionMask = 2147483647;
			files = (
				4D31B8DE2CA2A9AC00C552C3 /* Crypto.swift in Sources */,
				4D31B8CA2CA2A74D00C552C3 /* ViewController.swift in Sources */,
				4D31B8C62CA2A74D00C552C3 /* AppDelegate.swift in Sources */,
				4D31B8E02CA2BC2C00C552C3 /* Webservice.swift in Sources */,
				4D31B8C82CA2A74D00C552C3 /* SceneDelegate.swift in Sources */,
				4D31B8E22CA2DE8E00C552C3 /* CryptoViewModel.swift in Sources */,
			);
			runOnlyForDeploymentPostprocessing = 0;
		};
/* End PBXSourcesBuildPhase section */

/* Begin PBXVariantGroup section */
		4D31B8CB2CA2A74D00C552C3 /* Main.storyboard */ = {
			isa = PBXVariantGroup;
			children = (
				4D31B8CC2CA2A74D00C552C3 /* Base */,
			);
			name = Main.storyboard;
			sourceTree = "<group>";
		};
		4D31B8D02CA2A74E00C552C3 /* LaunchScreen.storyboard */ = {
			isa = PBXVariantGroup;
			children = (
				4D31B8D12CA2A74E00C552C3 /* Base */,
			);
			name = LaunchScreen.storyboard;
			sourceTree = "<group>";
		};
/* End PBXVariantGroup section */

/* Begin XCBuildConfiguration section */
		4D31B8D42CA2A74E00C552C3 /* Debug */ = {
			isa = XCBuildConfiguration;
			buildSettings = {
				ALWAYS_SEARCH_USER_PATHS = NO;
				ASSETCATALOG_COMPILER_GENERATE_SWIFT_ASSET_SYMBOL_EXTENSIONS = YES;
				CLANG_ANALYZER_NONNULL = YES;
				CLANG_ANALYZER_NUMBER_OBJECT_CONVERSION = YES_AGGRESSIVE;
				CLANG_CXX_LANGUAGE_STANDARD = "gnu++20";
				CLANG_ENABLE_MODULES = YES;
				CLANG_ENABLE_OBJC_ARC = YES;
				CLANG_ENABLE_OBJC_WEAK = YES;
				CLANG_WARN_BLOCK_CAPTURE_AUTORELEASING = YES;
				CLANG_WARN_BOOL_CONVERSION = YES;
				CLANG_WARN_COMMA = YES;
				CLANG_WARN_CONSTANT_CONVERSION = YES;
				CLANG_WARN_DEPRECATED_OBJC_IMPLEMENTATIONS = YES;
				CLANG_WARN_DIRECT_OBJC_ISA_USAGE = YES_ERROR;
				CLANG_WARN_DOCUMENTATION_COMMENTS = YES;
				CLANG_WARN_EMPTY_BODY = YES;
				CLANG_WARN_ENUM_CONVERSION = YES;
				CLANG_WARN_INFINITE_RECURSION = YES;
				CLANG_WARN_INT_CONVERSION = YES;
				CLANG_WARN_NON_LITERAL_NULL_CONVERSION = YES;
				CLANG_WARN_OBJC_IMPLICIT_RETAIN_SELF = YES;
				CLANG_WARN_OBJC_LITERAL_CONVERSION = YES;
				CLANG_WARN_OBJC_ROOT_CLASS = YES_ERROR;
				CLANG_WARN_QUOTED_INCLUDE_IN_FRAMEWORK_HEADER = YES;
				CLANG_WARN_RANGE_LOOP_ANALYSIS = YES;
				CLANG_WARN_STRICT_PROTOTYPES = YES;
				CLANG_WARN_SUSPICIOUS_MOVE = YES;
				CLANG_WARN_UNGUARDED_AVAILABILITY = YES_AGGRESSIVE;
				CLANG_WARN_UNREACHABLE_CODE = YES;
				CLANG_WARN__DUPLICATE_METHOD_MATCH = YES;
				COPY_PHASE_STRIP = NO;
				DEBUG_INFORMATION_FORMAT = dwarf;
				ENABLE_STRICT_OBJC_MSGSEND = YES;
				ENABLE_TESTABILITY = YES;
				ENABLE_USER_SCRIPT_SANDBOXING = YES;
				GCC_C_LANGUAGE_STANDARD = gnu17;
				GCC_DYNAMIC_NO_PIC = NO;
				GCC_NO_COMMON_BLOCKS = YES;
				GCC_OPTIMIZATION_LEVEL = 0;
				GCC_PREPROCESSOR_DEFINITIONS = (
					"DEBUG=1",
					"$(inherited)",
				);
				GCC_WARN_64_TO_32_BIT_CONVERSION = YES;
				GCC_WARN_ABOUT_RETURN_TYPE = YES_ERROR;
				GCC_WARN_UNDECLARED_SELECTOR = YES;
				GCC_WARN_UNINITIALIZED_AUTOS = YES_AGGRESSIVE;
				GCC_WARN_UNUSED_FUNCTION = YES;
				GCC_WARN_UNUSED_VARIABLE = YES;
				IPHONEOS_DEPLOYMENT_TARGET = 17.5;
				LOCALIZATION_PREFERS_STRING_CATALOGS = YES;
				MTL_ENABLE_DEBUG_INFO = INCLUDE_SOURCE;
				MTL_FAST_MATH = YES;
				ONLY_ACTIVE_ARCH = YES;
				SDKROOT = iphoneos;
				SWIFT_ACTIVE_COMPILATION_CONDITIONS = "DEBUG $(inherited)";
				SWIFT_OPTIMIZATION_LEVEL = "-Onone";
			};
			name = Debug;
		};
		4D31B8D52CA2A74E00C552C3 /* Release */ = {
			isa = XCBuildConfiguration;
			buildSettings = {
				ALWAYS_SEARCH_USER_PATHS = NO;
				ASSETCATALOG_COMPILER_GENERATE_SWIFT_ASSET_SYMBOL_EXTENSIONS = YES;
				CLANG_ANALYZER_NONNULL = YES;
				CLANG_ANALYZER_NUMBER_OBJECT_CONVERSION = YES_AGGRESSIVE;
				CLANG_CXX_LANGUAGE_STANDARD = "gnu++20";
				CLANG_ENABLE_MODULES = YES;
				CLANG_ENABLE_OBJC_ARC = YES;
				CLANG_ENABLE_OBJC_WEAK = YES;
				CLANG_WARN_BLOCK_CAPTURE_AUTORELEASING = YES;
				CLANG_WARN_BOOL_CONVERSION = YES;
				CLANG_WARN_COMMA = YES;
				CLANG_WARN_CONSTANT_CONVERSION = YES;
				CLANG_WARN_DEPRECATED_OBJC_IMPLEMENTATIONS = YES;
				CLANG_WARN_DIRECT_OBJC_ISA_USAGE = YES_ERROR;
				CLANG_WARN_DOCUMENTATION_COMMENTS = YES;
				CLANG_WARN_EMPTY_BODY = YES;
				CLANG_WARN_ENUM_CONVERSION = YES;
				CLANG_WARN_INFINITE_RECURSION = YES;
				CLANG_WARN_INT_CONVERSION = YES;
				CLANG_WARN_NON_LITERAL_NULL_CONVERSION = YES;
				CLANG_WARN_OBJC_IMPLICIT_RETAIN_SELF = YES;
				CLANG_WARN_OBJC_LITERAL_CONVERSION = YES;
				CLANG_WARN_OBJC_ROOT_CLASS = YES_ERROR;
				CLANG_WARN_QUOTED_INCLUDE_IN_FRAMEWORK_HEADER = YES;
				CLANG_WARN_RANGE_LOOP_ANALYSIS = YES;
				CLANG_WARN_STRICT_PROTOTYPES = YES;
				CLANG_WARN_SUSPICIOUS_MOVE = YES;
				CLANG_WARN_UNGUARDED_AVAILABILITY = YES_AGGRESSIVE;
				CLANG_WARN_UNREACHABLE_CODE = YES;
				CLANG_WARN__DUPLICATE_METHOD_MATCH = YES;
				COPY_PHASE_STRIP = NO;
				DEBUG_INFORMATION_FORMAT = "dwarf-with-dsym";
				ENABLE_NS_ASSERTIONS = NO;
				ENABLE_STRICT_OBJC_MSGSEND = YES;
				ENABLE_USER_SCRIPT_SANDBOXING = YES;
				GCC_C_LANGUAGE_STANDARD = gnu17;
				GCC_NO_COMMON_BLOCKS = YES;
				GCC_WARN_64_TO_32_BIT_CONVERSION = YES;
				GCC_WARN_ABOUT_RETURN_TYPE = YES_ERROR;
				GCC_WARN_UNDECLARED_SELECTOR = YES;
				GCC_WARN_UNINITIALIZED_AUTOS = YES_AGGRESSIVE;
				GCC_WARN_UNUSED_FUNCTION = YES;
				GCC_WARN_UNUSED_VARIABLE = YES;
				IPHONEOS_DEPLOYMENT_TARGET = 17.5;
				LOCALIZATION_PREFERS_STRING_CATALOGS = YES;
				MTL_ENABLE_DEBUG_INFO = NO;
				MTL_FAST_MATH = YES;
				SDKROOT = iphoneos;
				SWIFT_COMPILATION_MODE = wholemodule;
				VALIDATE_PRODUCT = YES;
			};
			name = Release;
		};
		4D31B8D72CA2A74E00C552C3 /* Debug */ = {
			isa = XCBuildConfiguration;
			buildSettings = {
				ASSETCATALOG_COMPILER_APPICON_NAME = AppIcon;
				ASSETCATALOG_COMPILER_GLOBAL_ACCENT_COLOR_NAME = AccentColor;
				CODE_SIGN_STYLE = Automatic;
				CURRENT_PROJECT_VERSION = 1;
				DEVELOPMENT_TEAM = UQ8H4Z2MPG;
				GENERATE_INFOPLIST_FILE = YES;
				INFOPLIST_FILE = CryptoCrazy/Info.plist;
				INFOPLIST_KEY_UIApplicationSupportsIndirectInputEvents = YES;
				INFOPLIST_KEY_UILaunchStoryboardName = LaunchScreen;
				INFOPLIST_KEY_UIMainStoryboardFile = Main;
				INFOPLIST_KEY_UISupportedInterfaceOrientations_iPad = "UIInterfaceOrientationPortrait UIInterfaceOrientationPortraitUpsideDown UIInterfaceOrientationLandscapeLeft UIInterfaceOrientationLandscapeRight";
				INFOPLIST_KEY_UISupportedInterfaceOrientations_iPhone = "UIInterfaceOrientationPortrait UIInterfaceOrientationLandscapeLeft UIInterfaceOrientationLandscapeRight";
				LD_RUNPATH_SEARCH_PATHS = (
					"$(inherited)",
					"@executable_path/Frameworks",
				);
				MARKETING_VERSION = 1.0;
				PRODUCT_BUNDLE_IDENTIFIER = com.dilarakdeniz.CryptoCrazy;
				PRODUCT_NAME = "$(TARGET_NAME)";
				SWIFT_EMIT_LOC_STRINGS = YES;
				SWIFT_VERSION = 5.0;
				TARGETED_DEVICE_FAMILY = "1,2";
			};
			name = Debug;
		};
		4D31B8D82CA2A74E00C552C3 /* Release */ = {
			isa = XCBuildConfiguration;
			buildSettings = {
				ASSETCATALOG_COMPILER_APPICON_NAME = AppIcon;
				ASSETCATALOG_COMPILER_GLOBAL_ACCENT_COLOR_NAME = AccentColor;
				CODE_SIGN_STYLE = Automatic;
				CURRENT_PROJECT_VERSION = 1;
				DEVELOPMENT_TEAM = UQ8H4Z2MPG;
				GENERATE_INFOPLIST_FILE = YES;
				INFOPLIST_FILE = CryptoCrazy/Info.plist;
				INFOPLIST_KEY_UIApplicationSupportsIndirectInputEvents = YES;
				INFOPLIST_KEY_UILaunchStoryboardName = LaunchScreen;
				INFOPLIST_KEY_UIMainStoryboardFile = Main;
				INFOPLIST_KEY_UISupportedInterfaceOrientations_iPad = "UIInterfaceOrientationPortrait UIInterfaceOrientationPortraitUpsideDown UIInterfaceOrientationLandscapeLeft UIInterfaceOrientationLandscapeRight";
				INFOPLIST_KEY_UISupportedInterfaceOrientations_iPhone = "UIInterfaceOrientationPortrait UIInterfaceOrientationLandscapeLeft UIInterfaceOrientationLandscapeRight";
				LD_RUNPATH_SEARCH_PATHS = (
					"$(inherited)",
					"@executable_path/Frameworks",
				);
				MARKETING_VERSION = 1.0;
				PRODUCT_BUNDLE_IDENTIFIER = com.dilarakdeniz.CryptoCrazy;
				PRODUCT_NAME = "$(TARGET_NAME)";
				SWIFT_EMIT_LOC_STRINGS = YES;
				SWIFT_VERSION = 5.0;
				TARGETED_DEVICE_FAMILY = "1,2";
			};
			name = Release;
		};
/* End XCBuildConfiguration section */

/* Begin XCConfigurationList section */
		4D31B8BD2CA2A74D00C552C3 /* Build configuration list for PBXProject "CryptoCrazy" */ = {
			isa = XCConfigurationList;
			buildConfigurations = (
				4D31B8D42CA2A74E00C552C3 /* Debug */,
				4D31B8D52CA2A74E00C552C3 /* Release */,
			);
			defaultConfigurationIsVisible = 0;
			defaultConfigurationName = Release;
		};
		4D31B8D62CA2A74E00C552C3 /* Build configuration list for PBXNativeTarget "CryptoCrazy" */ = {
			isa = XCConfigurationList;
			buildConfigurations = (
				4D31B8D72CA2A74E00C552C3 /* Debug */,
				4D31B8D82CA2A74E00C552C3 /* Release */,
			);
			defaultConfigurationIsVisible = 0;
			defaultConfigurationName = Release;
		};
/* End XCConfigurationList section */

/* Begin XCRemoteSwiftPackageReference section */
		4D35055C2CA355FB001B2561 /* XCRemoteSwiftPackageReference "RxSwift" */ = {
			isa = XCRemoteSwiftPackageReference;
			repositoryURL = "https://github.com/ReactiveX/RxSwift.git";
			requirement = {
				kind = upToNextMajorVersion;
				minimumVersion = 6.7.1;
			};
		};
/* End XCRemoteSwiftPackageReference section */

/* Begin XCSwiftPackageProductDependency section */
		4D35055D2CA355FB001B2561 /* RxCocoa */ = {
			isa = XCSwiftPackageProductDependency;
			package = 4D35055C2CA355FB001B2561 /* XCRemoteSwiftPackageReference "RxSwift" */;
			productName = RxCocoa;
		};
		4D35055F2CA355FB001B2561 /* RxSwift */ = {
			isa = XCSwiftPackageProductDependency;
			package = 4D35055C2CA355FB001B2561 /* XCRemoteSwiftPackageReference "RxSwift" */;
			productName = RxSwift;
		};
/* End XCSwiftPackageProductDependency section */
	};
	rootObject = 4D31B8BA2CA2A74D00C552C3 /* Project object */;
}
